
Microsoft Visual Studio Solution File, Format Version 12.00
# Visual Studio Version 17
VisualStudioVersion = 17.10.35122.118
MinimumVisualStudioVersion = 10.0.40219.1
Project("{FAE04EC0-301F-11D3-BF4B-00C04F79EFBC}") = "Lessons_NET_Core", "Lessons_NET_Core\Lessons_NET_Core.csproj", "{2BB4346F-6617-4303-8886-CF5BEBE0C6FB}"
EndProject
Global
	GlobalSection(SolutionConfigurationPlatforms) = preSolution
		Debug|Any CPU = Debug|Any CPU
		Release|Any CPU = Release|Any CPU
	EndGlobalSection
	GlobalSection(ProjectConfigurationPlatforms) = postSolution
		{2BB4346F-6617-4303-8886-CF5BEBE0C6FB}.Debug|Any CPU.ActiveCfg = Debug|Any CPU
		{2BB4346F-6617-4303-8886-CF5BEBE0C6FB}.Debug|Any CPU.Build.0 = Debug|Any CPU
		{2BB4346F-6617-4303-8886-CF5BEBE0C6FB}.Release|Any CPU.ActiveCfg = Release|Any CPU
		{2BB4346F-6617-4303-8886-CF5BEBE0C6FB}.Release|Any CPU.Build.0 = Release|Any CPU
	EndGlobalSection
	GlobalSection(SolutionProperties) = preSolution
		HideSolutionNode = FALSE
	EndGlobalSection
	GlobalSection(ExtensibilityGlobals) = postSolution
		SolutionGuid = {14DD0F60-450E-4A2E-A8AF-6571CCDE54AB}
	EndGlobalSection
EndGlobal
